PODS:
  - BlocksKit (2.2.5):
    - BlocksKit/All (= 2.2.5)
  - BlocksKit/All (2.2.5):
    - BlocksKit/Core
    - BlocksKit/DynamicDelegate
    - BlocksKit/MessageUI
    - BlocksKit/UIKit
  - BlocksKit/Core (2.2.5)
  - BlocksKit/DynamicDelegate (2.2.5)
  - BlocksKit/MessageUI (2.2.5):
    - BlocksKit/Core
    - BlocksKit/DynamicDelegate
  - BlocksKit/UIKit (2.2.5):
    - BlocksKit/Core
    - BlocksKit/DynamicDelegate
  - IQKeyboardManager (6.5.6)
  - Masonry (1.1.0)
  - SDWebImage (5.9.1):
    - SDWebImage/Core (= 5.9.1)
  - SDWebImage/Core (5.9.1)
  - UFKit (1.2.5):
    - IQKeyboardManager (>= 6.3.0)
    - Masonry (>= 1.1.0)
    - SDWebImage (>= 5.0.6)

DEPENDENCIES:
  - BlocksKit (~> 2.2.5)
  - UFKit (~> 1.2.5)

SPEC REPOS:
  trunk:
    - BlocksKit
    - IQKeyboardManager
    - Masonry
    - SDWebImage
    - UFKit

SPEC CHECKSUMS:
  BlocksKit: 7f422b971407001178d181a43b99014ea2591fe6
  IQKeyboardManager: 2a6e97afdafc7becf0cb17a9a8d795e3a980717f
  Masonry: 678fab65091a9290e40e2832a55e7ab731aad201
  SDWebImage: a990c053fff71e388a10f3357edb0be17929c9c5
  UFKit: cf0392441fa1a839296c390db0010837bba8e9da

PODFILE CHECKSUM: 6e996593e7ac325e04758b8e2c7bf2bad965ede6

COCOAPODS: 1.9.1
