// !$*UTF8*$!
{
	archiveVersion = 1;
	classes = {
	};
	objectVersion = 51;
	objects = {

/* Begin PBXBuildFile section */
		13AA58A608F4D1DFF2BB0E13 /* libPods-UFKitDemo.a in Frameworks */ = {isa = PBXBuildFile; fileRef = 60E42D064419BDC79FF6E2E1 /* libPods-UFKitDemo.a */; };
		4C58E06723386DE200DACFC3 /* MyRow.m in Sources */ = {isa = PBXBuildFile; fileRef = 4C58E06623386DE200DACFC3 /* MyRow.m */; };
		4C58E06A23386DF900DACFC3 /* MyRowCell.m in Sources */ = {isa = PBXBuildFile; fileRef = 4C58E06923386DF900DACFC3 /* MyRowCell.m */; };
		4CA0CD0622C4B0ED00EAB6DE /* AppDelegate.m in Sources */ = {isa = PBXBuildFile; fileRef = 4CA0CD0522C4B0ED00EAB6DE /* AppDelegate.m */; };
		4CA0CD0922C4B0ED00EAB6DE /* ViewController.m in Sources */ = {isa = PBXBuildFile; fileRef = 4CA0CD0822C4B0ED00EAB6DE /* ViewController.m */; };
		4CA0CD0C22C4B0ED00EAB6DE /* Main.storyboard in Resources */ = {isa = PBXBuildFile; fileRef = 4CA0CD0A22C4B0ED00EAB6DE /* Main.storyboard */; };
		4CA0CD0E22C4B0EE00EAB6DE /* Assets.xcassets in Resources */ = {isa = PBXBuildFile; fileRef = 4CA0CD0D22C4B0EE00EAB6DE /* Assets.xcassets */; };
		4CA0CD1122C4B0EE00EAB6DE /* LaunchScreen.storyboard in Resources */ = {isa = PBXBuildFile; fileRef = 4CA0CD0F22C4B0EE00EAB6DE /* LaunchScreen.storyboard */; };
		4CA0CD1422C4B0EE00EAB6DE /* main.m in Sources */ = {isa = PBXBuildFile; fileRef = 4CA0CD1322C4B0EE00EAB6DE /* main.m */; };
/* End PBXBuildFile section */

/* Begin PBXFileReference section */
		4C58E06523386DE200DACFC3 /* MyRow.h */ = {isa = PBXFileReference; lastKnownFileType = sourcecode.c.h; path = MyRow.h; sourceTree = "<group>"; };
		4C58E06623386DE200DACFC3 /* MyRow.m */ = {isa = PBXFileReference; lastKnownFileType = sourcecode.c.objc; path = MyRow.m; sourceTree = "<group>"; };
		4C58E06823386DF900DACFC3 /* MyRowCell.h */ = {isa = PBXFileReference; lastKnownFileType = sourcecode.c.h; path = MyRowCell.h; sourceTree = "<group>"; };
		4C58E06923386DF900DACFC3 /* MyRowCell.m */ = {isa = PBXFileReference; lastKnownFileType = sourcecode.c.objc; path = MyRowCell.m; sourceTree = "<group>"; };
		4CA0CD0122C4B0ED00EAB6DE /* UFKitDemo.app */ = {isa = PBXFileReference; explicitFileType = wrapper.application; includeInIndex = 0; path = UFKitDemo.app; sourceTree = BUILT_PRODUCTS_DIR; };
		4CA0CD0422C4B0ED00EAB6DE /* AppDelegate.h */ = {isa = PBXFileReference; lastKnownFileType = sourcecode.c.h; path = AppDelegate.h; sourceTree = "<group>"; };
		4CA0CD0522C4B0ED00EAB6DE /* AppDelegate.m */ = {isa = PBXFileReference; lastKnownFileType = sourcecode.c.objc; path = AppDelegate.m; sourceTree = "<group>"; };
		4CA0CD0722C4B0ED00EAB6DE /* ViewController.h */ = {isa = PBXFileReference; lastKnownFileType = sourcecode.c.h; path = ViewController.h; sourceTree = "<group>"; };
		4CA0CD0822C4B0ED00EAB6DE /* ViewController.m */ = {isa = PBXFileReference; lastKnownFileType = sourcecode.c.objc; path = ViewController.m; sourceTree = "<group>"; };
		4CA0CD0B22C4B0ED00EAB6DE /* Base */ = {isa = PBXFileReference; lastKnownFileType = file.storyboard; name = Base; path = Base.lproj/Main.storyboard; sourceTree = "<group>"; };
		4CA0CD0D22C4B0EE00EAB6DE /* Assets.xcassets */ = {isa = PBXFileReference; lastKnownFileType = folder.assetcatalog; path = Assets.xcassets; sourceTree = "<group>"; };
		4CA0CD1022C4B0EE00EAB6DE /* Base */ = {isa = PBXFileReference; lastKnownFileType = file.storyboard; name = Base; path = Base.lproj/LaunchScreen.storyboard; sourceTree = "<group>"; };
		4CA0CD1222C4B0EE00EAB6DE /* Info.plist */ = {isa = PBXFileReference; lastKnownFileType = text.plist.xml; path = Info.plist; sourceTree = "<group>"; };
		4CA0CD1322C4B0EE00EAB6DE /* main.m */ = {isa = PBXFileReference; lastKnownFileType = sourcecode.c.objc; path = main.m; sourceTree = "<group>"; };
		60E42D064419BDC79FF6E2E1 /* libPods-UFKitDemo.a */ = {isa = PBXFileReference; explicitFileType = archive.ar; includeInIndex = 0; path = "libPods-UFKitDemo.a"; sourceTree = BUILT_PRODUCTS_DIR; };
		7023B363C5240B097E6B40A9 /* Pods-UFKitDemo.release.xcconfig */ = {isa = PBXFileReference; includeInIndex = 1; lastKnownFileType = text.xcconfig; name = "Pods-UFKitDemo.release.xcconfig"; path = "Target Support Files/Pods-UFKitDemo/Pods-UFKitDemo.release.xcconfig"; sourceTree = "<group>"; };
		7CCC83EC02D125822D5C34CA /* Pods-UFKitDemo.debug.xcconfig */ = {isa = PBXFileReference; includeInIndex = 1; lastKnownFileType = text.xcconfig; name = "Pods-UFKitDemo.debug.xcconfig"; path = "Target Support Files/Pods-UFKitDemo/Pods-UFKitDemo.debug.xcconfig"; sourceTree = "<group>"; };
/* End PBXFileReference section */

/* Begin PBXFrameworksBuildPhase section */
		4CA0CCFE22C4B0ED00EAB6DE /* Frameworks */ = {
			isa = PBXFrameworksBuildPhase;
			buildActionMask = 2147483647;
			files = (
				13AA58A608F4D1DFF2BB0E13 /* libPods-UFKitDemo.a in Frameworks */,
			);
			runOnlyForDeploymentPostprocessing = 0;
		};
/* End PBXFrameworksBuildPhase section */

/* Begin PBXGroup section */
		4CA0CCF822C4B0ED00EAB6DE = {
			isa = PBXGroup;
			children = (
				4CA0CD0322C4B0ED00EAB6DE /* UFKitDemo */,
				4CA0CD0222C4B0ED00EAB6DE /* Products */,
				CB5592B9280BBBDD6466E1DE /* Pods */,
				6B7CFF22B6300E212B15B1F0 /* Frameworks */,
			);
			sourceTree = "<group>";
		};
		4CA0CD0222C4B0ED00EAB6DE /* Products */ = {
			isa = PBXGroup;
			children = (
				4CA0CD0122C4B0ED00EAB6DE /* UFKitDemo.app */,
			);
			name = Products;
			sourceTree = "<group>";
		};
		4CA0CD0322C4B0ED00EAB6DE /* UFKitDemo */ = {
			isa = PBXGroup;
			children = (
				4CA0CD0422C4B0ED00EAB6DE /* AppDelegate.h */,
				4CA0CD0522C4B0ED00EAB6DE /* AppDelegate.m */,
				4CA0CD0722C4B0ED00EAB6DE /* ViewController.h */,
				4CA0CD0822C4B0ED00EAB6DE /* ViewController.m */,
				4C58E06523386DE200DACFC3 /* MyRow.h */,
				4C58E06623386DE200DACFC3 /* MyRow.m */,
				4C58E06823386DF900DACFC3 /* MyRowCell.h */,
				4C58E06923386DF900DACFC3 /* MyRowCell.m */,
				4CA0CD0A22C4B0ED00EAB6DE /* Main.storyboard */,
				4CA0CD0D22C4B0EE00EAB6DE /* Assets.xcassets */,
				4CA0CD0F22C4B0EE00EAB6DE /* LaunchScreen.storyboard */,
				4CA0CD1222C4B0EE00EAB6DE /* Info.plist */,
				4CA0CD1322C4B0EE00EAB6DE /* main.m */,
			);
			path = UFKitDemo;
			sourceTree = "<group>";
		};
		6B7CFF22B6300E212B15B1F0 /* Frameworks */ = {
			isa = PBXGroup;
			children = (
				60E42D064419BDC79FF6E2E1 /* libPods-UFKitDemo.a */,
			);
			name = Frameworks;
			sourceTree = "<group>";
		};
		CB5592B9280BBBDD6466E1DE /* Pods */ = {
			isa = PBXGroup;
			children = (
				7CCC83EC02D125822D5C34CA /* Pods-UFKitDemo.debug.xcconfig */,
				7023B363C5240B097E6B40A9 /* Pods-UFKitDemo.release.xcconfig */,
			);
			path = Pods;
			sourceTree = "<group>";
		};
/* End PBXGroup section */

/* Begin PBXNativeTarget section */
		4CA0CD0022C4B0ED00EAB6DE /* UFKitDemo */ = {
			isa = PBXNativeTarget;
			buildConfigurationList = 4CA0CD1722C4B0EE00EAB6DE /* Build configuration list for PBXNativeTarget "UFKitDemo" */;
			buildPhases = (
				9AB906067B75FD0CCA840B3B /* [CP] Check Pods Manifest.lock */,
				4CA0CCFD22C4B0ED00EAB6DE /* Sources */,
				4CA0CCFE22C4B0ED00EAB6DE /* Frameworks */,
				4CA0CCFF22C4B0ED00EAB6DE /* Resources */,
				CEC9B309509CCB49812B3B07 /* [CP] Copy Pods Resources */,
			);
			buildRules = (
			);
			dependencies = (
			);
			name = UFKitDemo;
			productName = UFKitDemo;
			productReference = 4CA0CD0122C4B0ED00EAB6DE /* UFKitDemo.app */;
			productType = "com.apple.product-type.application";
		};
/* End PBXNativeTarget section */

/* Begin PBXProject section */
		4CA0CCF922C4B0ED00EAB6DE /* Project object */ = {
			isa = PBXProject;
			attributes = {
				LastUpgradeCheck = 1020;
				ORGANIZATIONNAME = Uniauto;
				TargetAttributes = {
					4CA0CD0022C4B0ED00EAB6DE = {
						CreatedOnToolsVersion = 10.2.1;
					};
				};
			};
			buildConfigurationList = 4CA0CCFC22C4B0ED00EAB6DE /* Build configuration list for PBXProject "UFKitDemo" */;
			compatibilityVersion = "Xcode 9.3";
			developmentRegion = en;
			hasScannedForEncodings = 0;
			knownRegions = (
				en,
				Base,
			);
			mainGroup = 4CA0CCF822C4B0ED00EAB6DE;
			productRefGroup = 4CA0CD0222C4B0ED00EAB6DE /* Products */;
			projectDirPath = "";
			projectRoot = "";
			targets = (
				4CA0CD0022C4B0ED00EAB6DE /* UFKitDemo */,
			);
		};
/* End PBXProject section */

/* Begin PBXResourcesBuildPhase section */
		4CA0CCFF22C4B0ED00EAB6DE /* Resources */ = {
			isa = PBXResourcesBuildPhase;
			buildActionMask = 2147483647;
			files = (
				4CA0CD1122C4B0EE00EAB6DE /* LaunchScreen.storyboard in Resources */,
				4CA0CD0E22C4B0EE00EAB6DE /* Assets.xcassets in Resources */,
				4CA0CD0C22C4B0ED00EAB6DE /* Main.storyboard in Resources */,
			);
			runOnlyForDeploymentPostprocessing = 0;
		};
/* End PBXResourcesBuildPhase section */

/* Begin PBXShellScriptBuildPhase section */
		9AB906067B75FD0CCA840B3B /* [CP] Check Pods Manifest.lock */ = {
			isa = PBXShellScriptBuildPhase;
			buildActionMask = 2147483647;
			files = (
			);
			inputFileListPaths = (
			);
			inputPaths = (
				"${PODS_PODFILE_DIR_PATH}/Podfile.lock",
				"${PODS_ROOT}/Manifest.lock",
			);
			name = "[CP] Check Pods Manifest.lock";
			outputFileListPaths = (
			);
			outputPaths = (
				"$(DERIVED_FILE_DIR)/Pods-UFKitDemo-checkManifestLockResult.txt",
			);
			runOnlyForDeploymentPostprocessing = 0;
			shellPath = /bin/sh;
			shellScript = "diff \"${PODS_PODFILE_DIR_PATH}/Podfile.lock\" \"${PODS_ROOT}/Manifest.lock\" > /dev/null\nif [ $? != 0 ] ; then\n    # print error to STDERR\n    echo \"error: The sandbox is not in sync with the Podfile.lock. Run 'pod install' or update your CocoaPods installation.\" >&2\n    exit 1\nfi\n# This output is used by Xcode 'outputs' to avoid re-running this script phase.\necho \"SUCCESS\" > \"${SCRIPT_OUTPUT_FILE_0}\"\n";
			showEnvVarsInLog = 0;
		};
		CEC9B309509CCB49812B3B07 /* [CP] Copy Pods Resources */ = {
			isa = PBXShellScriptBuildPhase;
			buildActionMask = 2147483647;
			files = (
			);
			inputFileListPaths = (
				"${PODS_ROOT}/Target Support Files/Pods-UFKitDemo/Pods-UFKitDemo-resources-${CONFIGURATION}-input-files.xcfilelist",
			);
			name = "[CP] Copy Pods Resources";
			outputFileListPaths = (
				"${PODS_ROOT}/Target Support Files/Pods-UFKitDemo/Pods-UFKitDemo-resources-${CONFIGURATION}-output-files.xcfilelist",
			);
			runOnlyForDeploymentPostprocessing = 0;
			shellPath = /bin/sh;
			shellScript = "\"${PODS_ROOT}/Target Support Files/Pods-UFKitDemo/Pods-UFKitDemo-resources.sh\"\n";
			showEnvVarsInLog = 0;
		};
/* End PBXShellScriptBuildPhase section */

/* Begin PBXSourcesBuildPhase section */
		4CA0CCFD22C4B0ED00EAB6DE /* Sources */ = {
			isa = PBXSourcesBuildPhase;
			buildActionMask = 2147483647;
			files = (
				4C58E06723386DE200DACFC3 /* MyRow.m in Sources */,
				4C58E06A23386DF900DACFC3 /* MyRowCell.m in Sources */,
				4CA0CD0922C4B0ED00EAB6DE /* ViewController.m in Sources */,
				4CA0CD1422C4B0EE00EAB6DE /* main.m in Sources */,
				4CA0CD0622C4B0ED00EAB6DE /* AppDelegate.m in Sources */,
			);
			runOnlyForDeploymentPostprocessing = 0;
		};
/* End PBXSourcesBuildPhase section */

/* Begin PBXVariantGroup section */
		4CA0CD0A22C4B0ED00EAB6DE /* Main.storyboard */ = {
			isa = PBXVariantGroup;
			children = (
				4CA0CD0B22C4B0ED00EAB6DE /* Base */,
			);
			name = Main.storyboard;
			sourceTree = "<group>";
		};
		4CA0CD0F22C4B0EE00EAB6DE /* LaunchScreen.storyboard */ = {
			isa = PBXVariantGroup;
			children = (
				4CA0CD1022C4B0EE00EAB6DE /* Base */,
			);
			name = LaunchScreen.storyboard;
			sourceTree = "<group>";
		};
/* End PBXVariantGroup section */

/* Begin XCBuildConfiguration section */
		4CA0CD1522C4B0EE00EAB6DE /* Debug */ = {
			isa = XCBuildConfiguration;
			buildSettings = {
				ALWAYS_SEARCH_USER_PATHS = NO;
				CLANG_ANALYZER_NONNULL = YES;
				CLANG_ANALYZER_NUMBER_OBJECT_CONVERSION = YES_AGGRESSIVE;
				CLANG_CXX_LANGUAGE_STANDARD = "gnu++14";
				CLANG_CXX_LIBRARY = "libc++";
				CLANG_ENABLE_MODULES = YES;
				CLANG_ENABLE_OBJC_ARC = YES;
				CLANG_ENABLE_OBJC_WEAK = YES;
				CLANG_WARN_BLOCK_CAPTURE_AUTORELEASING = YES;
				CLANG_WARN_BOOL_CONVERSION = YES;
				CLANG_WARN_COMMA = YES;
				CLANG_WARN_CONSTANT_CONVERSION = YES;
				CLANG_WARN_DEPRECATED_OBJC_IMPLEMENTATIONS = YES;
				CLANG_WARN_DIRECT_OBJC_ISA_USAGE = YES_ERROR;
				CLANG_WARN_DOCUMENTATION_COMMENTS = YES;
				CLANG_WARN_EMPTY_BODY = YES;
				CLANG_WARN_ENUM_CONVERSION = YES;
				CLANG_WARN_INFINITE_RECURSION = YES;
				CLANG_WARN_INT_CONVERSION = YES;
				CLANG_WARN_NON_LITERAL_NULL_CONVERSION = YES;
				CLANG_WARN_OBJC_IMPLICIT_RETAIN_SELF = YES;
				CLANG_WARN_OBJC_LITERAL_CONVERSION = YES;
				CLANG_WARN_OBJC_ROOT_CLASS = YES_ERROR;
				CLANG_WARN_RANGE_LOOP_ANALYSIS = YES;
				CLANG_WARN_STRICT_PROTOTYPES = YES;
				CLANG_WARN_SUSPICIOUS_MOVE = YES;
				CLANG_WARN_UNGUARDED_AVAILABILITY = YES_AGGRESSIVE;
				CLANG_WARN_UNREACHABLE_CODE = YES;
				CLANG_WARN__DUPLICATE_METHOD_MATCH = YES;
				CODE_SIGN_IDENTITY = "iPhone Developer";
				COPY_PHASE_STRIP = NO;
				DEBUG_INFORMATION_FORMAT = dwarf;
				ENABLE_STRICT_OBJC_MSGSEND = YES;
				ENABLE_TESTABILITY = YES;
				GCC_C_LANGUAGE_STANDARD = gnu11;
				GCC_DYNAMIC_NO_PIC = NO;
				GCC_NO_COMMON_BLOCKS = YES;
				GCC_OPTIMIZATION_LEVEL = 0;
				GCC_PREPROCESSOR_DEFINITIONS = (
					"DEBUG=1",
					"$(inherited)",
				);
				GCC_WARN_64_TO_32_BIT_CONVERSION = YES;
				GCC_WARN_ABOUT_RETURN_TYPE = YES_ERROR;
				GCC_WARN_UNDECLARED_SELECTOR = YES;
				GCC_WARN_UNINITIALIZED_AUTOS = YES_AGGRESSIVE;
				GCC_WARN_UNUSED_FUNCTION = YES;
				GCC_WARN_UNUSED_VARIABLE = YES;
				IPHONEOS_DEPLOYMENT_TARGET = 12.2;
				MTL_ENABLE_DEBUG_INFO = INCLUDE_SOURCE;
				MTL_FAST_MATH = YES;
				ONLY_ACTIVE_ARCH = YES;
				SDKROOT = iphoneos;
			};
			name = Debug;
		};
		4CA0CD1622C4B0EE00EAB6DE /* Release */ = {
			isa = XCBuildConfiguration;
			buildSettings = {
				ALWAYS_SEARCH_USER_PATHS = NO;
				CLANG_ANALYZER_NONNULL = YES;
				CLANG_ANALYZER_NUMBER_OBJECT_CONVERSION = YES_AGGRESSIVE;
				CLANG_CXX_LANGUAGE_STANDARD = "gnu++14";
				CLANG_CXX_LIBRARY = "libc++";
				CLANG_ENABLE_MODULES = YES;
				CLANG_ENABLE_OBJC_ARC = YES;
				CLANG_ENABLE_OBJC_WEAK = YES;
				CLANG_WARN_BLOCK_CAPTURE_AUTORELEASING = YES;
				CLANG_WARN_BOOL_CONVERSION = YES;
				CLANG_WARN_COMMA = YES;
				CLANG_WARN_CONSTANT_CONVERSION = YES;
				CLANG_WARN_DEPRECATED_OBJC_IMPLEMENTATIONS = YES;
				CLANG_WARN_DIRECT_OBJC_ISA_USAGE = YES_ERROR;
				CLANG_WARN_DOCUMENTATION_COMMENTS = YES;
				CLANG_WARN_EMPTY_BODY = YES;
				CLANG_WARN_ENUM_CONVERSION = YES;
				CLANG_WARN_INFINITE_RECURSION = YES;
				CLANG_WARN_INT_CONVERSION = YES;
				CLANG_WARN_NON_LITERAL_NULL_CONVERSION = YES;
				CLANG_WARN_OBJC_IMPLICIT_RETAIN_SELF = YES;
				CLANG_WARN_OBJC_LITERAL_CONVERSION = YES;
				CLANG_WARN_OBJC_ROOT_CLASS = YES_ERROR;
				CLANG_WARN_RANGE_LOOP_ANALYSIS = YES;
				CLANG_WARN_STRICT_PROTOTYPES = YES;
				CLANG_WARN_SUSPICIOUS_MOVE = YES;
				CLANG_WARN_UNGUARDED_AVAILABILITY = YES_AGGRESSIVE;
				CLANG_WARN_UNREACHABLE_CODE = YES;
				CLANG_WARN__DUPLICATE_METHOD_MATCH = YES;
				CODE_SIGN_IDENTITY = "iPhone Developer";
				COPY_PHASE_STRIP = NO;
				DEBUG_INFORMATION_FORMAT = "dwarf-with-dsym";
				ENABLE_NS_ASSERTIONS = NO;
				ENABLE_STRICT_OBJC_MSGSEND = YES;
				GCC_C_LANGUAGE_STANDARD = gnu11;
				GCC_NO_COMMON_BLOCKS = YES;
				GCC_WARN_64_TO_32_BIT_CONVERSION = YES;
				GCC_WARN_ABOUT_RETURN_TYPE = YES_ERROR;
				GCC_WARN_UNDECLARED_SELECTOR = YES;
				GCC_WARN_UNINITIALIZED_AUTOS = YES_AGGRESSIVE;
				GCC_WARN_UNUSED_FUNCTION = YES;
				GCC_WARN_UNUSED_VARIABLE = YES;
				IPHONEOS_DEPLOYMENT_TARGET = 12.2;
				MTL_ENABLE_DEBUG_INFO = NO;
				MTL_FAST_MATH = YES;
				SDKROOT = iphoneos;
				VALIDATE_PRODUCT = YES;
			};
			name = Release;
		};
		4CA0CD1822C4B0EE00EAB6DE /* Debug */ = {
			isa = XCBuildConfiguration;
			baseConfigurationReference = 7CCC83EC02D125822D5C34CA /* Pods-UFKitDemo.debug.xcconfig */;
			buildSettings = {
				ASSETCATALOG_COMPILER_APPICON_NAME = AppIcon;
				CODE_SIGN_STYLE = Automatic;
				DEVELOPMENT_TEAM = MZDN3V652A;
				FRAMEWORK_SEARCH_PATHS = (
					"$(inherited)",
					"$(PROJECT_DIR)",
				);
				INFOPLIST_FILE = UFKitDemo/Info.plist;
				IPHONEOS_DEPLOYMENT_TARGET = 8.0;
				LD_RUNPATH_SEARCH_PATHS = (
					"$(inherited)",
					"@executable_path/Frameworks",
				);
				PRODUCT_BUNDLE_IDENTIFIER = me.uniauto.UFKitDemo;
				PRODUCT_NAME = "$(TARGET_NAME)";
				TARGETED_DEVICE_FAMILY = "1,2";
			};
			name = Debug;
		};
		4CA0CD1922C4B0EE00EAB6DE /* Release */ = {
			isa = XCBuildConfiguration;
			baseConfigurationReference = 7023B363C5240B097E6B40A9 /* Pods-UFKitDemo.release.xcconfig */;
			buildSettings = {
				ASSETCATALOG_COMPILER_APPICON_NAME = AppIcon;
				CODE_SIGN_STYLE = Automatic;
				DEVELOPMENT_TEAM = MZDN3V652A;
				FRAMEWORK_SEARCH_PATHS = (
					"$(inherited)",
					"$(PROJECT_DIR)",
				);
				INFOPLIST_FILE = UFKitDemo/Info.plist;
				IPHONEOS_DEPLOYMENT_TARGET = 8.0;
				LD_RUNPATH_SEARCH_PATHS = (
					"$(inherited)",
					"@executable_path/Frameworks",
				);
				PRODUCT_BUNDLE_IDENTIFIER = me.uniauto.UFKitDemo;
				PRODUCT_NAME = "$(TARGET_NAME)";
				TARGETED_DEVICE_FAMILY = "1,2";
			};
			name = Release;
		};
/* End XCBuildConfiguration section */

/* Begin XCConfigurationList section */
		4CA0CCFC22C4B0ED00EAB6DE /* Build configuration list for PBXProject "UFKitDemo" */ = {
			isa = XCConfigurationList;
			buildConfigurations = (
				4CA0CD1522C4B0EE00EAB6DE /* Debug */,
				4CA0CD1622C4B0EE00EAB6DE /* Release */,
			);
			defaultConfigurationIsVisible = 0;
			defaultConfigurationName = Release;
		};
		4CA0CD1722C4B0EE00EAB6DE /* Build configuration list for PBXNativeTarget "UFKitDemo" */ = {
			isa = XCConfigurationList;
			buildConfigurations = (
				4CA0CD1822C4B0EE00EAB6DE /* Debug */,
				4CA0CD1922C4B0EE00EAB6DE /* Release */,
			);
			defaultConfigurationIsVisible = 0;
			defaultConfigurationName = Release;
		};
/* End XCConfigurationList section */
	};
	rootObject = 4CA0CCF922C4B0ED00EAB6DE /* Project object */;
}
